Microsoft Visual Studio Solution File, Format Version 12.00
# Visual Studio Version 16
VisualStudioVersion = 16.0.30413.136
MinimumVisualStudioVersion = 10.0.40219.1
Project("{9A19103F-16F7-4668-BE54-9A1E7A4F7556}") = "module03", "module03.csproj", "{A8ED91EA-F7F4-4FC9-85B2-EEFFE465A881}"
EndProject
Global
	GlobalSection(SolutionConfigurationPlatforms) = preSolution
		Debug|Any CPU = Debug|Any CPU
		Release|Any CPU = Release|Any CPU
	EndGlobalSection
	GlobalSection(ProjectConfigurationPlatforms) = postSolution
		{A8ED91EA-F7F4-4FC9-85B2-EEFFE465A881}.Debug|Any CPU.ActiveCfg = Debug|Any CPU
		{A8ED91EA-F7F4-4FC9-85B2-EEFFE465A881}.Debug|Any CPU.Build.0 = Debug|Any CPU
		{A8ED91EA-F7F4-4FC9-85B2-EEFFE465A881}.Release|Any CPU.ActiveCfg = Release|Any CPU
		{A8ED91EA-F7F4-4FC9-85B2-EEFFE465A881}.Release|Any CPU.Build.0 = Release|Any CPU
	EndGlobalSection
	GlobalSection(SolutionProperties) = preSolution
		HideSolutionNode = FALSE
	EndGlobalSection
	GlobalSection(ExtensibilityGlobals) = postSolution
		SolutionGuid = {9B46273F-1F13-45CA-8A33-221D71FFA3AB}
	EndGlobalSection
EndGlobal
